
Microsoft Visual Studio Solution File, Format Version 12.00
# Visual Studio Version 17
VisualStudioVersion = 17.0.31903.59
MinimumVisualStudioVersion = 10.0.40219.1
Project("{FAE04EC0-301F-11D3-BF4B-00C04F79EFBC}") = "AspDemo.API", "AspDemo.API\AspDemo.API.csproj", "{F7E2433A-D8EB-47C7-963E-38D8D998FF10}"
EndProject
Project("{FAE04EC0-301F-11D3-BF4B-00C04F79EFBC}") = "AspDemo.TESTS", "AspDemo.TESTS\AspDemo.TESTS.csproj", "{32B2E242-9519-48D7-90EF-0670E7F67143}"
EndProject
Global
	GlobalSection(SolutionConfigurationPlatforms) = preSolution
		Debug|Any CPU = Debug|Any CPU
		Release|Any CPU = Release|Any CPU
	EndGlobalSection
	GlobalSection(SolutionProperties) = preSolution
		HideSolutionNode = FALSE
	EndGlobalSection
	GlobalSection(ProjectConfigurationPlatforms) = postSolution
		{F7E2433A-D8EB-47C7-963E-38D8D998FF10}.Debug|Any CPU.ActiveCfg = Debug|Any CPU
		{F7E2433A-D8EB-47C7-963E-38D8D998FF10}.Debug|Any CPU.Build.0 = Debug|Any CPU
		{F7E2433A-D8EB-47C7-963E-38D8D998FF10}.Release|Any CPU.ActiveCfg = Release|Any CPU
		{F7E2433A-D8EB-47C7-963E-38D8D998FF10}.Release|Any CPU.Build.0 = Release|Any CPU
		{32B2E242-9519-48D7-90EF-0670E7F67143}.Debug|Any CPU.ActiveCfg = Debug|Any CPU
		{32B2E242-9519-48D7-90EF-0670E7F67143}.Debug|Any CPU.Build.0 = Debug|Any CPU
		{32B2E242-9519-48D7-90EF-0670E7F67143}.Release|Any CPU.ActiveCfg = Release|Any CPU
		{32B2E242-9519-48D7-90EF-0670E7F67143}.Release|Any CPU.Build.0 = Release|Any CPU
	EndGlobalSection
EndGlobal
