
Microsoft Visual Studio Solution File, Format Version 12.00
# Visual Studio Version 17
VisualStudioVersion = 17.5.002.0
MinimumVisualStudioVersion = 10.0.40219.1
Project("{9A19103F-16F7-4668-BE54-9A1E7A4F7556}") = "AspDemoApi", "AspDemoApi.csproj", "{96045AD8-1BD2-4463-9043-01B6DE9BD31B}"
EndProject
Global
	GlobalSection(SolutionConfigurationPlatforms) = preSolution
		Debug|Any CPU = Debug|Any CPU
		Release|Any CPU = Release|Any CPU
	EndGlobalSection
	GlobalSection(ProjectConfigurationPlatforms) = postSolution
		{96045AD8-1BD2-4463-9043-01B6DE9BD31B}.Debug|Any CPU.ActiveCfg = Debug|Any CPU
		{96045AD8-1BD2-4463-9043-01B6DE9BD31B}.Debug|Any CPU.Build.0 = Debug|Any CPU
		{96045AD8-1BD2-4463-9043-01B6DE9BD31B}.Release|Any CPU.ActiveCfg = Release|Any CPU
		{96045AD8-1BD2-4463-9043-01B6DE9BD31B}.Release|Any CPU.Build.0 = Release|Any CPU
	EndGlobalSection
	GlobalSection(SolutionProperties) = preSolution
		HideSolutionNode = FALSE
	EndGlobalSection
	GlobalSection(ExtensibilityGlobals) = postSolution
		SolutionGuid = {70B934C8-D739-41C7-AE41-D886DF4EF83B}
	EndGlobalSection
EndGlobal
